
Microsoft Visual Studio Solution File, Format Version 12.00
# Visual Studio Version 16
VisualStudioVersion = 16.0.30711.63
MinimumVisualStudioVersion = 10.0.40219.1
Project("{FAE04EC0-301F-11D3-BF4B-00C04F79EFBC}") = "Festacon", "Festacon.csproj", "{0BE67FCC-F4EF-4B74-900F-28AA6FA88A03}"
EndProject
Project("{FAE04EC0-301F-11D3-BF4B-00C04F79EFBC}") = "CapaDatos", "CapaDatos\CapaDatos.csproj", "{F3BC3A4B-A3AC-45E9-ABFD-B006D9DFFAD6}"
EndProject
Global
	GlobalSection(SolutionConfigurationPlatforms) = preSolution
		Debug|Any CPU = Debug|Any CPU
		Release|Any CPU = Release|Any CPU
	EndGlobalSection
	GlobalSection(ProjectConfigurationPlatforms) = postSolution
		{0BE67FCC-F4EF-4B74-900F-28AA6FA88A03}.Debug|Any CPU.ActiveCfg = Debug|Any CPU
		{0BE67FCC-F4EF-4B74-900F-28AA6FA88A03}.Debug|Any CPU.Build.0 = Debug|Any CPU
		{0BE67FCC-F4EF-4B74-900F-28AA6FA88A03}.Release|Any CPU.ActiveCfg = Release|Any CPU
		{0BE67FCC-F4EF-4B74-900F-28AA6FA88A03}.Release|Any CPU.Build.0 = Release|Any CPU
		{F3BC3A4B-A3AC-45E9-ABFD-B006D9DFFAD6}.Debug|Any CPU.ActiveCfg = Debug|Any CPU
		{F3BC3A4B-A3AC-45E9-ABFD-B006D9DFFAD6}.Debug|Any CPU.Build.0 = Debug|Any CPU
		{F3BC3A4B-A3AC-45E9-ABFD-B006D9DFFAD6}.Release|Any CPU.ActiveCfg = Release|Any CPU
		{F3BC3A4B-A3AC-45E9-ABFD-B006D9DFFAD6}.Release|Any CPU.Build.0 = Release|Any CPU
	EndGlobalSection
	GlobalSection(SolutionProperties) = preSolution
		HideSolutionNode = FALSE
	EndGlobalSection
	GlobalSection(ExtensibilityGlobals) = postSolution
		SolutionGuid = {BCC4ADE1-31A6-4081-85C1-9DF63DA6651C}
	EndGlobalSection
EndGlobal
